
Microsoft Visual Studio Solution File, Format Version 12.00
# Visual Studio 2012
Project("{FAE04EC0-301F-11D3-BF4B-00C04F79EFBC}") = "Entidades", "Entidades\Entidades.csproj", "{15B88D1C-4479-4296-9BD5-00CB23A76C98}"
EndProject
Project("{FAE04EC0-301F-11D3-BF4B-00C04F79EFBC}") = "CentralitaPolimorfismo", "CentralitaHerencia\CentralitaPolimorfismo.csproj", "{0FB323EB-0C1F-4B51-A0AE-D849E0311DA9}"
EndProject
Global
	GlobalSection(SolutionConfigurationPlatforms) = preSolution
		Debug|Any CPU = Debug|Any CPU
		Release|Any CPU = Release|Any CPU
	EndGlobalSection
	GlobalSection(ProjectConfigurationPlatforms) = postSolution
		{15B88D1C-4479-4296-9BD5-00CB23A76C98}.Debug|Any CPU.ActiveCfg = Debug|Any CPU
		{15B88D1C-4479-4296-9BD5-00CB23A76C98}.Debug|Any CPU.Build.0 = Debug|Any CPU
		{15B88D1C-4479-4296-9BD5-00CB23A76C98}.Release|Any CPU.ActiveCfg = Release|Any CPU
		{15B88D1C-4479-4296-9BD5-00CB23A76C98}.Release|Any CPU.Build.0 = Release|Any CPU
		{0FB323EB-0C1F-4B51-A0AE-D849E0311DA9}.Debug|Any CPU.ActiveCfg = Debug|Any CPU
		{0FB323EB-0C1F-4B51-A0AE-D849E0311DA9}.Debug|Any CPU.Build.0 = Debug|Any CPU
		{0FB323EB-0C1F-4B51-A0AE-D849E0311DA9}.Release|Any CPU.ActiveCfg = Release|Any CPU
		{0FB323EB-0C1F-4B51-A0AE-D849E0311DA9}.Release|Any CPU.Build.0 = Release|Any CPU
	EndGlobalSection
	GlobalSection(SolutionProperties) = preSolution
		HideSolutionNode = FALSE
	EndGlobalSection
EndGlobal
