
Microsoft Visual Studio Solution File, Format Version 12.00
# Visual Studio 2012
Project("{FAE04EC0-301F-11D3-BF4B-00C04F79EFBC}") = "Entidades", "Entidades\Entidades.csproj", "{6ED89992-9719-4F08-8834-6AB6F0BFCE3C}"
EndProject
Project("{FAE04EC0-301F-11D3-BF4B-00C04F79EFBC}") = "frmPrincipal", "frmPrincipal\frmPrincipal.csproj", "{D32A0DEA-92DB-4525-B48E-6DADCF558A8B}"
EndProject
Global
	GlobalSection(SolutionConfigurationPlatforms) = preSolution
		Debug|Any CPU = Debug|Any CPU
		Release|Any CPU = Release|Any CPU
	EndGlobalSection
	GlobalSection(ProjectConfigurationPlatforms) = postSolution
		{6ED89992-9719-4F08-8834-6AB6F0BFCE3C}.Debug|Any CPU.ActiveCfg = Debug|Any CPU
		{6ED89992-9719-4F08-8834-6AB6F0BFCE3C}.Debug|Any CPU.Build.0 = Debug|Any CPU
		{6ED89992-9719-4F08-8834-6AB6F0BFCE3C}.Release|Any CPU.ActiveCfg = Release|Any CPU
		{6ED89992-9719-4F08-8834-6AB6F0BFCE3C}.Release|Any CPU.Build.0 = Release|Any CPU
		{D32A0DEA-92DB-4525-B48E-6DADCF558A8B}.Debug|Any CPU.ActiveCfg = Debug|Any CPU
		{D32A0DEA-92DB-4525-B48E-6DADCF558A8B}.Debug|Any CPU.Build.0 = Debug|Any CPU
		{D32A0DEA-92DB-4525-B48E-6DADCF558A8B}.Release|Any CPU.ActiveCfg = Release|Any CPU
		{D32A0DEA-92DB-4525-B48E-6DADCF558A8B}.Release|Any CPU.Build.0 = Release|Any CPU
	EndGlobalSection
	GlobalSection(SolutionProperties) = preSolution
		HideSolutionNode = FALSE
	EndGlobalSection
EndGlobal
