
Microsoft Visual Studio Solution File, Format Version 12.00
# Visual Studio 2012
Project("{FAE04EC0-301F-11D3-BF4B-00C04F79EFBC}") = "Ejercicio47", "Ejercicio47\Ejercicio47.csproj", "{7196F3BE-F71E-4AAA-8AE5-4CC1D4F704AA}"
EndProject
Project("{FAE04EC0-301F-11D3-BF4B-00C04F79EFBC}") = "PruebaEjercicio", "PruebaEjercicio\PruebaEjercicio.csproj", "{7EFFE654-3DE0-4E16-A39B-32517EC44D0D}"
EndProject
Global
	GlobalSection(SolutionConfigurationPlatforms) = preSolution
		Debug|Any CPU = Debug|Any CPU
		Release|Any CPU = Release|Any CPU
	EndGlobalSection
	GlobalSection(ProjectConfigurationPlatforms) = postSolution
		{7196F3BE-F71E-4AAA-8AE5-4CC1D4F704AA}.Debug|Any CPU.ActiveCfg = Debug|Any CPU
		{7196F3BE-F71E-4AAA-8AE5-4CC1D4F704AA}.Debug|Any CPU.Build.0 = Debug|Any CPU
		{7196F3BE-F71E-4AAA-8AE5-4CC1D4F704AA}.Release|Any CPU.ActiveCfg = Release|Any CPU
		{7196F3BE-F71E-4AAA-8AE5-4CC1D4F704AA}.Release|Any CPU.Build.0 = Release|Any CPU
		{7EFFE654-3DE0-4E16-A39B-32517EC44D0D}.Debug|Any CPU.ActiveCfg = Debug|Any CPU
		{7EFFE654-3DE0-4E16-A39B-32517EC44D0D}.Debug|Any CPU.Build.0 = Debug|Any CPU
		{7EFFE654-3DE0-4E16-A39B-32517EC44D0D}.Release|Any CPU.ActiveCfg = Release|Any CPU
		{7EFFE654-3DE0-4E16-A39B-32517EC44D0D}.Release|Any CPU.Build.0 = Release|Any CPU
	EndGlobalSection
	GlobalSection(SolutionProperties) = preSolution
		HideSolutionNode = FALSE
	EndGlobalSection
EndGlobal
