
Microsoft Visual Studio Solution File, Format Version 12.00
# Visual Studio 2012
Project("{FAE04EC0-301F-11D3-BF4B-00C04F79EFBC}") = "Entidades", "Entidades\Entidades.csproj", "{BA811488-77F2-425A-A565-D18F2CBEFA74}"
EndProject
Project("{FAE04EC0-301F-11D3-BF4B-00C04F79EFBC}") = "TestEntidades", "TestEntidades\TestEntidades.csproj", "{69B3F46C-2BB1-415F-932C-B0D032C75FAC}"
EndProject
Global
	GlobalSection(SolutionConfigurationPlatforms) = preSolution
		Debug|Any CPU = Debug|Any CPU
		Release|Any CPU = Release|Any CPU
	EndGlobalSection
	GlobalSection(ProjectConfigurationPlatforms) = postSolution
		{BA811488-77F2-425A-A565-D18F2CBEFA74}.Debug|Any CPU.ActiveCfg = Debug|Any CPU
		{BA811488-77F2-425A-A565-D18F2CBEFA74}.Debug|Any CPU.Build.0 = Debug|Any CPU
		{BA811488-77F2-425A-A565-D18F2CBEFA74}.Release|Any CPU.ActiveCfg = Release|Any CPU
		{BA811488-77F2-425A-A565-D18F2CBEFA74}.Release|Any CPU.Build.0 = Release|Any CPU
		{69B3F46C-2BB1-415F-932C-B0D032C75FAC}.Debug|Any CPU.ActiveCfg = Debug|Any CPU
		{69B3F46C-2BB1-415F-932C-B0D032C75FAC}.Debug|Any CPU.Build.0 = Debug|Any CPU
		{69B3F46C-2BB1-415F-932C-B0D032C75FAC}.Release|Any CPU.ActiveCfg = Release|Any CPU
		{69B3F46C-2BB1-415F-932C-B0D032C75FAC}.Release|Any CPU.Build.0 = Release|Any CPU
	EndGlobalSection
	GlobalSection(SolutionProperties) = preSolution
		HideSolutionNode = FALSE
	EndGlobalSection
EndGlobal
