
Microsoft Visual Studio Solution File, Format Version 12.00
# Visual Studio 15
VisualStudioVersion = 15.0.27428.2011
MinimumVisualStudioVersion = 10.0.40219.1
Project("{FAE04EC0-301F-11D3-BF4B-00C04F79EFBC}") = "EntidadesClase22", "EntidadesClase22\EntidadesClase22.csproj", "{E3D68B26-A939-43C9-9747-80191BA3303C}"
EndProject
Project("{FAE04EC0-301F-11D3-BF4B-00C04F79EFBC}") = "TestEntidadesClase22", "TestEntidadesClase22\TestEntidadesClase22.csproj", "{5E8F3858-691B-4C90-85D1-E46F31544D25}"
EndProject
Project("{FAE04EC0-301F-11D3-BF4B-00C04F79EFBC}") = "FrmEmpleado", "FrmEmpleado\FrmEmpleado.csproj", "{AB754E0B-736B-4161-98F5-C0A3C4F75E06}"
EndProject
Project("{FAE04EC0-301F-11D3-BF4B-00C04F79EFBC}") = "FrmEjercicioClase22", "FrmEjercicioClase22\FrmEjercicioClase22.csproj", "{2101EE47-6C16-40E0-894E-4094383DF773}"
EndProject
Project("{FAE04EC0-301F-11D3-BF4B-00C04F79EFBC}") = "Entidades", "Entidades\Entidades.csproj", "{4277E718-5E70-46E6-8F14-1B2E1FD2D7A3}"
EndProject
Global
	GlobalSection(SolutionConfigurationPlatforms) = preSolution
		Debug|Any CPU = Debug|Any CPU
		Release|Any CPU = Release|Any CPU
	EndGlobalSection
	GlobalSection(ProjectConfigurationPlatforms) = postSolution
		{E3D68B26-A939-43C9-9747-80191BA3303C}.Debug|Any CPU.ActiveCfg = Debug|Any CPU
		{E3D68B26-A939-43C9-9747-80191BA3303C}.Debug|Any CPU.Build.0 = Debug|Any CPU
		{E3D68B26-A939-43C9-9747-80191BA3303C}.Release|Any CPU.ActiveCfg = Release|Any CPU
		{E3D68B26-A939-43C9-9747-80191BA3303C}.Release|Any CPU.Build.0 = Release|Any CPU
		{5E8F3858-691B-4C90-85D1-E46F31544D25}.Debug|Any CPU.ActiveCfg = Debug|Any CPU
		{5E8F3858-691B-4C90-85D1-E46F31544D25}.Debug|Any CPU.Build.0 = Debug|Any CPU
		{5E8F3858-691B-4C90-85D1-E46F31544D25}.Release|Any CPU.ActiveCfg = Release|Any CPU
		{5E8F3858-691B-4C90-85D1-E46F31544D25}.Release|Any CPU.Build.0 = Release|Any CPU
		{AB754E0B-736B-4161-98F5-C0A3C4F75E06}.Debug|Any CPU.ActiveCfg = Debug|Any CPU
		{AB754E0B-736B-4161-98F5-C0A3C4F75E06}.Debug|Any CPU.Build.0 = Debug|Any CPU
		{AB754E0B-736B-4161-98F5-C0A3C4F75E06}.Release|Any CPU.ActiveCfg = Release|Any CPU
		{AB754E0B-736B-4161-98F5-C0A3C4F75E06}.Release|Any CPU.Build.0 = Release|Any CPU
		{2101EE47-6C16-40E0-894E-4094383DF773}.Debug|Any CPU.ActiveCfg = Debug|Any CPU
		{2101EE47-6C16-40E0-894E-4094383DF773}.Debug|Any CPU.Build.0 = Debug|Any CPU
		{2101EE47-6C16-40E0-894E-4094383DF773}.Release|Any CPU.ActiveCfg = Release|Any CPU
		{2101EE47-6C16-40E0-894E-4094383DF773}.Release|Any CPU.Build.0 = Release|Any CPU
		{4277E718-5E70-46E6-8F14-1B2E1FD2D7A3}.Debug|Any CPU.ActiveCfg = Debug|Any CPU
		{4277E718-5E70-46E6-8F14-1B2E1FD2D7A3}.Debug|Any CPU.Build.0 = Debug|Any CPU
		{4277E718-5E70-46E6-8F14-1B2E1FD2D7A3}.Release|Any CPU.ActiveCfg = Release|Any CPU
		{4277E718-5E70-46E6-8F14-1B2E1FD2D7A3}.Release|Any CPU.Build.0 = Release|Any CPU
	EndGlobalSection
	GlobalSection(SolutionProperties) = preSolution
		HideSolutionNode = FALSE
	EndGlobalSection
	GlobalSection(ExtensibilityGlobals) = postSolution
		SolutionGuid = {C1C0D16E-3861-4855-9B91-9E420ACC123F}
	EndGlobalSection
EndGlobal
