
Microsoft Visual Studio Solution File, Format Version 12.00
# Visual Studio 2012
Project("{FAE04EC0-301F-11D3-BF4B-00C04F79EFBC}") = "Entidades", "Entidades\Entidades.csproj", "{A90FF313-884E-4789-8F98-49233A7070ED}"
EndProject
Project("{FAE04EC0-301F-11D3-BF4B-00C04F79EFBC}") = "Probar", "Probar\Probar.csproj", "{7851DEC2-5157-43B3-83BB-61D512E34CF5}"
EndProject
Global
	GlobalSection(SolutionConfigurationPlatforms) = preSolution
		Debug|Any CPU = Debug|Any CPU
		Release|Any CPU = Release|Any CPU
	EndGlobalSection
	GlobalSection(ProjectConfigurationPlatforms) = postSolution
		{A90FF313-884E-4789-8F98-49233A7070ED}.Debug|Any CPU.ActiveCfg = Debug|Any CPU
		{A90FF313-884E-4789-8F98-49233A7070ED}.Debug|Any CPU.Build.0 = Debug|Any CPU
		{A90FF313-884E-4789-8F98-49233A7070ED}.Release|Any CPU.ActiveCfg = Release|Any CPU
		{A90FF313-884E-4789-8F98-49233A7070ED}.Release|Any CPU.Build.0 = Release|Any CPU
		{7851DEC2-5157-43B3-83BB-61D512E34CF5}.Debug|Any CPU.ActiveCfg = Debug|Any CPU
		{7851DEC2-5157-43B3-83BB-61D512E34CF5}.Debug|Any CPU.Build.0 = Debug|Any CPU
		{7851DEC2-5157-43B3-83BB-61D512E34CF5}.Release|Any CPU.ActiveCfg = Release|Any CPU
		{7851DEC2-5157-43B3-83BB-61D512E34CF5}.Release|Any CPU.Build.0 = Release|Any CPU
	EndGlobalSection
	GlobalSection(SolutionProperties) = preSolution
		HideSolutionNode = FALSE
	EndGlobalSection
EndGlobal
